{
    "_readme": [
        "This file locks the dependencies of your project to a known state",
        "Read more about it at https://getcomposer.org/doc/01-basic-usage.md#composer-lock-the-lock-file",
        "This file is @generated automatically"
    ],
    "content-hash": "4d07dcd05f27ad64b0eba095017e4bc4",
    "packages": [
        {
            "name": "kornrunner/keccak",
            "version": "1.0.2",
            "source": {
                "type": "git",
                "url": "https://github.com/kornrunner/php-keccak.git",
                "reference": "b3cd83ded1acff7af40b4ca5b8ea76b164ed0c34"
            },
            "dist": {
                "type": "zip",
                "url": "https://api.github.com/repos/kornrunner/php-keccak/zipball/b3cd83ded1acff7af40b4ca5b8ea76b164ed0c34",
                "reference": "b3cd83ded1acff7af40b4ca5b8ea76b164ed0c34",
                "shasum": ""
            },
            "require": {
                "php": ">=7.1.0"
            },
            "require-dev": {
                "phpunit/phpunit": "~7",
                "satooshi/php-coveralls": "~2"
            },
            "type": "library",
            "autoload": {
                "psr-4": {
                    "kornrunner\\": "src"
                }
            },
            "notification-url": "https://packagist.org/downloads/",
            "license": [
                "MIT"
            ],
            "authors": [
                {
                    "name": "Boris Momcilovic",
                    "homepage": "https://github.com/kornrunner/php-keccak"
                }
            ],
            "description": "Pure PHP implementation of Keccak",
            "keywords": [
                "keccak",
                "sha-3"
            ],
            "time": "2018-03-05T10:32:01+00:00"
        },
        {
            "name": "stephenhill/base58",
            "version": "v1.1.4",
            "source": {
                "type": "git",
                "url": "https://github.com/stephen-hill/base58php.git",
                "reference": "75ef7128303def7629d2a4bf9ea9dc378140507c"
            },
            "dist": {
                "type": "zip",
                "url": "https://api.github.com/repos/stephen-hill/base58php/zipball/75ef7128303def7629d2a4bf9ea9dc378140507c",
                "reference": "75ef7128303def7629d2a4bf9ea9dc378140507c",
                "shasum": ""
            },
            "require-dev": {
                "athletic/athletic": "~0.1",
                "phpunit/phpunit": "4.*"
            },
            "type": "library",
            "autoload": {
                "psr-4": {
                    "StephenHill\\": "src/",
                    "StephenHill\\Benchmarks\\": "benchmarks/"
                }
            },
            "notification-url": "https://packagist.org/downloads/",
            "license": [
                "MIT"
            ],
            "authors": [
                {
                    "name": "Stephen Hill",
                    "email": "stephen@gatekiller.co.uk"
                }
            ],
            "description": "Base58 Encoding and Decoding Library for PHP",
            "time": "2016-07-20T20:34:07+00:00"
        }
    ],
    "packages-dev": [],
    "aliases": [],
    "minimum-stability": "stable",
    "stability-flags": [],
    "prefer-stable": false,
    "prefer-lowest": false,
    "platform": [],
    "platform-dev": []
}
